
Microsoft Visual Studio Solution File, Format Version 12.00
# Visual Studio Version 17
VisualStudioVersion = 17.8.34525.116
MinimumVisualStudioVersion = 10.0.40219.1
Project("{FAE04EC0-301F-11D3-BF4B-00C04F79EFBC}") = "RunCroopWebApp", "RunCroopWebApp\RunCroopWebApp.csproj", "{A3F86BEF-47B6-4599-B45D-64BA388B4E5C}"
EndProject
Global
	GlobalSection(SolutionConfigurationPlatforms) = preSolution
		Debug|Any CPU = Debug|Any CPU
		Release|Any CPU = Release|Any CPU
	EndGlobalSection
	GlobalSection(ProjectConfigurationPlatforms) = postSolution
		{A3F86BEF-47B6-4599-B45D-64BA388B4E5C}.Debug|Any CPU.ActiveCfg = Debug|Any CPU
		{A3F86BEF-47B6-4599-B45D-64BA388B4E5C}.Debug|Any CPU.Build.0 = Debug|Any CPU
		{A3F86BEF-47B6-4599-B45D-64BA388B4E5C}.Release|Any CPU.ActiveCfg = Release|Any CPU
		{A3F86BEF-47B6-4599-B45D-64BA388B4E5C}.Release|Any CPU.Build.0 = Release|Any CPU
	EndGlobalSection
	GlobalSection(SolutionProperties) = preSolution
		HideSolutionNode = FALSE
	EndGlobalSection
	GlobalSection(ExtensibilityGlobals) = postSolution
		SolutionGuid = {08118689-4506-4641-8061-78E559035F06}
	EndGlobalSection
EndGlobal
